
Microsoft Visual Studio Solution File, Format Version 12.00
# Visual Studio Version 16
VisualStudioVersion = 16.0.30717.126
MinimumVisualStudioVersion = 10.0.40219.1
Project("{FAE04EC0-301F-11D3-BF4B-00C04F79EFBC}") = "Interview.BusinessLogic", "Interview.BusinessLogic\Interview.BusinessLogic.csproj", "{303D9940-581A-48B5-B3CA-7D7ECBABDEEE}"
EndProject
Project("{FAE04EC0-301F-11D3-BF4B-00C04F79EFBC}") = "Interview.Api", "Interview.Api\Interview.Api.csproj", "{3BC2A2AA-B6F6-409D-AA8B-03FF3ABB733C}"
EndProject
Project("{FAE04EC0-301F-11D3-BF4B-00C04F79EFBC}") = "Interview.Web", "Interview.Web\Interview.Web.csproj", "{4A567EB9-DC09-445D-8733-33CB1405AE60}"
EndProject
Project("{FAE04EC0-301F-11D3-BF4B-00C04F79EFBC}") = "Interview.Queries", "Interview.Queries\Interview.Queries.csproj", "{A1E9A061-A3D5-4CCD-9563-A43A070789AF}"
EndProject
Global
	GlobalSection(SolutionConfigurationPlatforms) = preSolution
		Debug|Any CPU = Debug|Any CPU
		Release|Any CPU = Release|Any CPU
	EndGlobalSection
	GlobalSection(ProjectConfigurationPlatforms) = postSolution
		{303D9940-581A-48B5-B3CA-7D7ECBABDEEE}.Debug|Any CPU.ActiveCfg = Debug|Any CPU
		{303D9940-581A-48B5-B3CA-7D7ECBABDEEE}.Debug|Any CPU.Build.0 = Debug|Any CPU
		{303D9940-581A-48B5-B3CA-7D7ECBABDEEE}.Release|Any CPU.ActiveCfg = Release|Any CPU
		{303D9940-581A-48B5-B3CA-7D7ECBABDEEE}.Release|Any CPU.Build.0 = Release|Any CPU
		{3BC2A2AA-B6F6-409D-AA8B-03FF3ABB733C}.Debug|Any CPU.ActiveCfg = Debug|Any CPU
		{3BC2A2AA-B6F6-409D-AA8B-03FF3ABB733C}.Debug|Any CPU.Build.0 = Debug|Any CPU
		{3BC2A2AA-B6F6-409D-AA8B-03FF3ABB733C}.Release|Any CPU.ActiveCfg = Release|Any CPU
		{3BC2A2AA-B6F6-409D-AA8B-03FF3ABB733C}.Release|Any CPU.Build.0 = Release|Any CPU
		{4A567EB9-DC09-445D-8733-33CB1405AE60}.Debug|Any CPU.ActiveCfg = Debug|Any CPU
		{4A567EB9-DC09-445D-8733-33CB1405AE60}.Debug|Any CPU.Build.0 = Debug|Any CPU
		{4A567EB9-DC09-445D-8733-33CB1405AE60}.Release|Any CPU.ActiveCfg = Release|Any CPU
		{4A567EB9-DC09-445D-8733-33CB1405AE60}.Release|Any CPU.Build.0 = Release|Any CPU
		{A1E9A061-A3D5-4CCD-9563-A43A070789AF}.Debug|Any CPU.ActiveCfg = Debug|Any CPU
		{A1E9A061-A3D5-4CCD-9563-A43A070789AF}.Debug|Any CPU.Build.0 = Debug|Any CPU
		{A1E9A061-A3D5-4CCD-9563-A43A070789AF}.Release|Any CPU.ActiveCfg = Release|Any CPU
		{A1E9A061-A3D5-4CCD-9563-A43A070789AF}.Release|Any CPU.Build.0 = Release|Any CPU
	EndGlobalSection
	GlobalSection(SolutionProperties) = preSolution
		HideSolutionNode = FALSE
	EndGlobalSection
	GlobalSection(ExtensibilityGlobals) = postSolution
		SolutionGuid = {854F4E01-C1D8-4695-9909-3A1325919B91}
	EndGlobalSection
EndGlobal
